
Microsoft Visual Studio Solution File, Format Version 12.00
# Visual Studio Version 17
VisualStudioVersion = 17.9.34714.143
MinimumVisualStudioVersion = 10.0.40219.1
Project("{9A19103F-16F7-4668-BE54-9A1E7A4F7556}") = "MinimalOrderProcessingAPI", "MinimalOrderProcessingAPI\MinimalOrderProcessingAPI.csproj", "{59B9371E-1DA0-48A1-B13D-C373B5E9FC07}"
EndProject
Project("{FAE04EC0-301F-11D3-BF4B-00C04F79EFBC}") = "MinimalOrderProcessingAPIApp.Tests", "MinimalOrderProcessingAPIApp.Tests\MinimalOrderProcessingAPIApp.Tests.csproj", "{37DF3A22-8E73-4402-B4ED-08048E6DFB5B}"
EndProject
Global
	GlobalSection(SolutionConfigurationPlatforms) = preSolution
		Debug|Any CPU = Debug|Any CPU
		Release|Any CPU = Release|Any CPU
	EndGlobalSection
	GlobalSection(ProjectConfigurationPlatforms) = postSolution
		{59B9371E-1DA0-48A1-B13D-C373B5E9FC07}.Debug|Any CPU.ActiveCfg = Debug|Any CPU
		{59B9371E-1DA0-48A1-B13D-C373B5E9FC07}.Debug|Any CPU.Build.0 = Debug|Any CPU
		{59B9371E-1DA0-48A1-B13D-C373B5E9FC07}.Release|Any CPU.ActiveCfg = Release|Any CPU
		{59B9371E-1DA0-48A1-B13D-C373B5E9FC07}.Release|Any CPU.Build.0 = Release|Any CPU
		{37DF3A22-8E73-4402-B4ED-08048E6DFB5B}.Debug|Any CPU.ActiveCfg = Debug|Any CPU
		{37DF3A22-8E73-4402-B4ED-08048E6DFB5B}.Debug|Any CPU.Build.0 = Debug|Any CPU
		{37DF3A22-8E73-4402-B4ED-08048E6DFB5B}.Release|Any CPU.ActiveCfg = Release|Any CPU
		{37DF3A22-8E73-4402-B4ED-08048E6DFB5B}.Release|Any CPU.Build.0 = Release|Any CPU
	EndGlobalSection
	GlobalSection(SolutionProperties) = preSolution
		HideSolutionNode = FALSE
	EndGlobalSection
	GlobalSection(ExtensibilityGlobals) = postSolution
		SolutionGuid = {665367CE-6566-4D6C-A8FE-2C48E0F9B453}
	EndGlobalSection
EndGlobal
